
Microsoft Visual Studio Solution File, Format Version 12.00
# Visual Studio Version 17
VisualStudioVersion = 17.14.36408.4 d17.14
MinimumVisualStudioVersion = 10.0.40219.1
Project("{FAE04EC0-301F-11D3-BF4B-00C04F79EFBC}") = "BagresDeSegunda", "BagresDeSegunda\BagresDeSegunda.csproj", "{CC13934F-5F49-4F77-ADF9-3653CC2CCFD1}"
EndProject
Global
	GlobalSection(SolutionConfigurationPlatforms) = preSolution
		Debug|Any CPU = Debug|Any CPU
		Release|Any CPU = Release|Any CPU
	EndGlobalSection
	GlobalSection(ProjectConfigurationPlatforms) = postSolution
		{CC13934F-5F49-4F77-ADF9-3653CC2CCFD1}.Debug|Any CPU.ActiveCfg = Debug|Any CPU
		{CC13934F-5F49-4F77-ADF9-3653CC2CCFD1}.Debug|Any CPU.Build.0 = Debug|Any CPU
		{CC13934F-5F49-4F77-ADF9-3653CC2CCFD1}.Release|Any CPU.ActiveCfg = Release|Any CPU
		{CC13934F-5F49-4F77-ADF9-3653CC2CCFD1}.Release|Any CPU.Build.0 = Release|Any CPU
	EndGlobalSection
	GlobalSection(SolutionProperties) = preSolution
		HideSolutionNode = FALSE
	EndGlobalSection
	GlobalSection(ExtensibilityGlobals) = postSolution
		SolutionGuid = {DE4B288A-D4D4-4EBD-9ACB-F0B6451951A4}
	EndGlobalSection
EndGlobal
